// !$*UTF8*$!
{
	archiveVersion = 1;
	classes = {
	};
	objectVersion = 54;
	objects = {

/* Begin PBXBuildFile section */
		651F07E32039C98C009FC5AB /* BDAlias.h in Headers */ = {isa = PBXBuildFile; fileRef = 651F07E22039C98C009FC5AB /* BDAlias.h */; };
		651F07E52039C98C009FC5AB /* BDAlias.m in Sources */ = {isa = PBXBuildFile; fileRef = 651F07E42039C98C009FC5AB /* BDAlias.m */; settings = {COMPILER_FLAGS = "-fno-objc-arc"; }; };
		651F07F72039CA96009FC5AB /* Cocoa.framework in Frameworks */ = {isa = PBXBuildFile; fileRef = 651F07F62039CA96009FC5AB /* Cocoa.framework */; };
		651F0802203A0050009FC5AB /* Carbon.framework in Frameworks */ = {isa = PBXBuildFile; fileRef = 651F0801203A0050009FC5AB /* Carbon.framework */; };
/* End PBXBuildFile section */

/* Begin PBXFileReference section */
		6501B156203AFE3C0021B339 /* README.markdown */ = {isa = PBXFileReference; lastKnownFileType = net.daringfireball.markdown; path = README.markdown; sourceTree = "<group>"; };
		6501B157203AFE3C0021B339 /* BDAlias.rtf */ = {isa = PBXFileReference; lastKnownFileType = text.rtf; path = BDAlias.rtf; sourceTree = "<group>"; };
		651F07DF2039C98C009FC5AB /* libBDAlias.a */ = {isa = PBXFileReference; explicitFileType = archive.ar; includeInIndex = 0; path = libBDAlias.a; sourceTree = BUILT_PRODUCTS_DIR; };
		651F07E22039C98C009FC5AB /* BDAlias.h */ = {isa = PBXFileReference; lastKnownFileType = sourcecode.c.h; path = BDAlias.h; sourceTree = "<group>"; };
		651F07E42039C98C009FC5AB /* BDAlias.m */ = {isa = PBXFileReference; lastKnownFileType = sourcecode.c.objc; path = BDAlias.m; sourceTree = "<group>"; };
		651F07F62039CA96009FC5AB /* Cocoa.framework */ = {isa = PBXFileReference; lastKnownFileType = wrapper.framework; name = Cocoa.framework; path = System/Library/Frameworks/Cocoa.framework; sourceTree = SDKROOT; };
		651F0801203A0050009FC5AB /* Carbon.framework */ = {isa = PBXFileReference; lastKnownFileType = wrapper.framework; name = Carbon.framework; path = System/Library/Frameworks/Carbon.framework; sourceTree = SDKROOT; };
		65A0C13D2CE0E811005482AE /* GetRecentOfficeDocumentsLib.xcodeproj */ = {isa = PBXFileReference; lastKnownFileType = "wrapper.pb-project"; name = GetRecentOfficeDocumentsLib.xcodeproj; path = ../GetRecentOfficeDocumentsLib/GetRecentOfficeDocumentsLib.xcodeproj; sourceTree = "<group>"; };
/* End PBXFileReference section */

/* Begin PBXFrameworksBuildPhase section */
		651F07DC2039C98C009FC5AB /* Frameworks */ = {
			isa = PBXFrameworksBuildPhase;
			buildActionMask = 2147483647;
			files = (
				651F0802203A0050009FC5AB /* Carbon.framework in Frameworks */,
				651F07F72039CA96009FC5AB /* Cocoa.framework in Frameworks */,
			);
			runOnlyForDeploymentPostprocessing = 0;
		};
/* End PBXFrameworksBuildPhase section */

/* Begin PBXGroup section */
		6501B155203AFE3C0021B339 /* Docs */ = {
			isa = PBXGroup;
			children = (
				6501B156203AFE3C0021B339 /* README.markdown */,
				6501B157203AFE3C0021B339 /* BDAlias.rtf */,
			);
			path = Docs;
			sourceTree = "<group>";
		};
		651F07D62039C98C009FC5AB = {
			isa = PBXGroup;
			children = (
				65A0C13D2CE0E811005482AE /* GetRecentOfficeDocumentsLib.xcodeproj */,
				651F07E12039C98C009FC5AB /* BDAlias */,
				651F07E02039C98C009FC5AB /* Products */,
				6501B155203AFE3C0021B339 /* Docs */,
				651F07F52039CA96009FC5AB /* Frameworks */,
			);
			sourceTree = "<group>";
		};
		651F07E02039C98C009FC5AB /* Products */ = {
			isa = PBXGroup;
			children = (
				651F07DF2039C98C009FC5AB /* libBDAlias.a */,
			);
			name = Products;
			sourceTree = "<group>";
		};
		651F07E12039C98C009FC5AB /* BDAlias */ = {
			isa = PBXGroup;
			children = (
				651F07E22039C98C009FC5AB /* BDAlias.h */,
				651F07E42039C98C009FC5AB /* BDAlias.m */,
			);
			path = BDAlias;
			sourceTree = "<group>";
		};
		651F07F52039CA96009FC5AB /* Frameworks */ = {
			isa = PBXGroup;
			children = (
				651F0801203A0050009FC5AB /* Carbon.framework */,
				651F07F62039CA96009FC5AB /* Cocoa.framework */,
			);
			name = Frameworks;
			sourceTree = "<group>";
		};
/* End PBXGroup section */

/* Begin PBXHeadersBuildPhase section */
		651F07DD2039C98C009FC5AB /* Headers */ = {
			isa = PBXHeadersBuildPhase;
			buildActionMask = 2147483647;
			files = (
				651F07E32039C98C009FC5AB /* BDAlias.h in Headers */,
			);
			runOnlyForDeploymentPostprocessing = 0;
		};
/* End PBXHeadersBuildPhase section */

/* Begin PBXNativeTarget section */
		651F07DE2039C98C009FC5AB /* BDAlias */ = {
			isa = PBXNativeTarget;
			buildConfigurationList = 651F07E82039C98C009FC5AB /* Build configuration list for PBXNativeTarget "BDAlias" */;
			buildPhases = (
				651F07DB2039C98C009FC5AB /* Sources */,
				651F07DC2039C98C009FC5AB /* Frameworks */,
				651F07DD2039C98C009FC5AB /* Headers */,
			);
			buildRules = (
			);
			dependencies = (
			);
			name = BDAlias;
			productName = BDAlias;
			productReference = 651F07DF2039C98C009FC5AB /* libBDAlias.a */;
			productType = "com.apple.product-type.library.static";
		};
/* End PBXNativeTarget section */

/* Begin PBXProject section */
		651F07D72039C98C009FC5AB /* Project object */ = {
			isa = PBXProject;
			attributes = {
				BuildIndependentTargetsInParallel = YES;
				LastUpgradeCheck = 1610;
				ORGANIZATIONNAME = "Andrea Alberti";
				TargetAttributes = {
					651F07DE2039C98C009FC5AB = {
						CreatedOnToolsVersion = 9.2;
						ProvisioningStyle = Automatic;
					};
				};
			};
			buildConfigurationList = 651F07DA2039C98C009FC5AB /* Build configuration list for PBXProject "BDAlias" */;
			compatibilityVersion = "Xcode 8.0";
			developmentRegion = en;
			hasScannedForEncodings = 0;
			knownRegions = (
				en,
				Base,
			);
			mainGroup = 651F07D62039C98C009FC5AB;
			productRefGroup = 651F07E02039C98C009FC5AB /* Products */;
			projectDirPath = "";
			projectRoot = "";
			targets = (
				651F07DE2039C98C009FC5AB /* BDAlias */,
			);
		};
/* End PBXProject section */

/* Begin PBXSourcesBuildPhase section */
		651F07DB2039C98C009FC5AB /* Sources */ = {
			isa = PBXSourcesBuildPhase;
			buildActionMask = 2147483647;
			files = (
				651F07E52039C98C009FC5AB /* BDAlias.m in Sources */,
			);
			runOnlyForDeploymentPostprocessing = 0;
		};
/* End PBXSourcesBuildPhase section */

/* Begin XCBuildConfiguration section */
		651F07E62039C98C009FC5AB /* Debug */ = {
			isa = XCBuildConfiguration;
			buildSettings = {
				ALWAYS_SEARCH_USER_PATHS = NO;
				CLANG_ANALYZER_NONNULL = YES;
				CLANG_ANALYZER_NUMBER_OBJECT_CONVERSION = YES_AGGRESSIVE;
				CLANG_CXX_LANGUAGE_STANDARD = "gnu++14";
				CLANG_CXX_LIBRARY = "libc++";
				CLANG_ENABLE_MODULES = YES;
				CLANG_ENABLE_OBJC_ARC = YES;
				CLANG_WARN_BLOCK_CAPTURE_AUTORELEASING = YES;
				CLANG_WARN_BOOL_CONVERSION = YES;
				CLANG_WARN_COMMA = YES;
				CLANG_WARN_CONSTANT_CONVERSION = YES;
				CLANG_WARN_DEPRECATED_OBJC_IMPLEMENTATIONS = YES;
				CLANG_WARN_DIRECT_OBJC_ISA_USAGE = YES_ERROR;
				CLANG_WARN_DOCUMENTATION_COMMENTS = YES;
				CLANG_WARN_EMPTY_BODY = YES;
				CLANG_WARN_ENUM_CONVERSION = YES;
				CLANG_WARN_INFINITE_RECURSION = YES;
				CLANG_WARN_INT_CONVERSION = YES;
				CLANG_WARN_NON_LITERAL_NULL_CONVERSION = YES;
				CLANG_WARN_OBJC_IMPLICIT_RETAIN_SELF = YES;
				CLANG_WARN_OBJC_LITERAL_CONVERSION = YES;
				CLANG_WARN_OBJC_ROOT_CLASS = YES_ERROR;
				CLANG_WARN_QUOTED_INCLUDE_IN_FRAMEWORK_HEADER = YES;
				CLANG_WARN_RANGE_LOOP_ANALYSIS = YES;
				CLANG_WARN_STRICT_PROTOTYPES = YES;
				CLANG_WARN_SUSPICIOUS_MOVE = YES;
				CLANG_WARN_UNGUARDED_AVAILABILITY = YES_AGGRESSIVE;
				CLANG_WARN_UNREACHABLE_CODE = YES;
				CLANG_WARN__DUPLICATE_METHOD_MATCH = YES;
				CODE_SIGN_IDENTITY = "Mac Developer";
				COPY_PHASE_STRIP = NO;
				DEAD_CODE_STRIPPING = YES;
				DEBUG_INFORMATION_FORMAT = dwarf;
				ENABLE_STRICT_OBJC_MSGSEND = YES;
				ENABLE_TESTABILITY = YES;
				ENABLE_USER_SCRIPT_SANDBOXING = YES;
				GCC_C_LANGUAGE_STANDARD = gnu11;
				GCC_DYNAMIC_NO_PIC = NO;
				GCC_NO_COMMON_BLOCKS = YES;
				GCC_OPTIMIZATION_LEVEL = 0;
				GCC_PREPROCESSOR_DEFINITIONS = (
					"DEBUG=1",
					"$(inherited)",
				);
				GCC_WARN_64_TO_32_BIT_CONVERSION = YES;
				GCC_WARN_ABOUT_RETURN_TYPE = YES_ERROR;
				GCC_WARN_UNDECLARED_SELECTOR = YES;
				GCC_WARN_UNINITIALIZED_AUTOS = YES_AGGRESSIVE;
				GCC_WARN_UNUSED_FUNCTION = YES;
				GCC_WARN_UNUSED_VARIABLE = YES;
				MACOSX_DEPLOYMENT_TARGET = 10.13;
				MTL_ENABLE_DEBUG_INFO = YES;
				ONLY_ACTIVE_ARCH = YES;
				SDKROOT = macosx;
			};
			name = Debug;
		};
		651F07E72039C98C009FC5AB /* Release */ = {
			isa = XCBuildConfiguration;
			buildSettings = {
				ALWAYS_SEARCH_USER_PATHS = NO;
				CLANG_ANALYZER_NONNULL = YES;
				CLANG_ANALYZER_NUMBER_OBJECT_CONVERSION = YES_AGGRESSIVE;
				CLANG_CXX_LANGUAGE_STANDARD = "gnu++14";
				CLANG_CXX_LIBRARY = "libc++";
				CLANG_ENABLE_MODULES = YES;
				CLANG_ENABLE_OBJC_ARC = YES;
				CLANG_WARN_BLOCK_CAPTURE_AUTORELEASING = YES;
				CLANG_WARN_BOOL_CONVERSION = YES;
				CLANG_WARN_COMMA = YES;
				CLANG_WARN_CONSTANT_CONVERSION = YES;
				CLANG_WARN_DEPRECATED_OBJC_IMPLEMENTATIONS = YES;
				CLANG_WARN_DIRECT_OBJC_ISA_USAGE = YES_ERROR;
				CLANG_WARN_DOCUMENTATION_COMMENTS = YES;
				CLANG_WARN_EMPTY_BODY = YES;
				CLANG_WARN_ENUM_CONVERSION = YES;
				CLANG_WARN_INFINITE_RECURSION = YES;
				CLANG_WARN_INT_CONVERSION = YES;
				CLANG_WARN_NON_LITERAL_NULL_CONVERSION = YES;
				CLANG_WARN_OBJC_IMPLICIT_RETAIN_SELF = YES;
				CLANG_WARN_OBJC_LITERAL_CONVERSION = YES;
				CLANG_WARN_OBJC_ROOT_CLASS = YES_ERROR;
				CLANG_WARN_QUOTED_INCLUDE_IN_FRAMEWORK_HEADER = YES;
				CLANG_WARN_RANGE_LOOP_ANALYSIS = YES;
				CLANG_WARN_STRICT_PROTOTYPES = YES;
				CLANG_WARN_SUSPICIOUS_MOVE = YES;
				CLANG_WARN_UNGUARDED_AVAILABILITY = YES_AGGRESSIVE;
				CLANG_WARN_UNREACHABLE_CODE = YES;
				CLANG_WARN__DUPLICATE_METHOD_MATCH = YES;
				CODE_SIGN_IDENTITY = "Mac Developer";
				COPY_PHASE_STRIP = NO;
				DEAD_CODE_STRIPPING = YES;
				DEBUG_INFORMATION_FORMAT = "dwarf-with-dsym";
				ENABLE_NS_ASSERTIONS = NO;
				ENABLE_STRICT_OBJC_MSGSEND = YES;
				ENABLE_USER_SCRIPT_SANDBOXING = YES;
				GCC_C_LANGUAGE_STANDARD = gnu11;
				GCC_NO_COMMON_BLOCKS = YES;
				GCC_WARN_64_TO_32_BIT_CONVERSION = YES;
				GCC_WARN_ABOUT_RETURN_TYPE = YES_ERROR;
				GCC_WARN_UNDECLARED_SELECTOR = YES;
				GCC_WARN_UNINITIALIZED_AUTOS = YES_AGGRESSIVE;
				GCC_WARN_UNUSED_FUNCTION = YES;
				GCC_WARN_UNUSED_VARIABLE = YES;
				MACOSX_DEPLOYMENT_TARGET = 10.13;
				MTL_ENABLE_DEBUG_INFO = NO;
				SDKROOT = macosx;
			};
			name = Release;
		};
		651F07E92039C98C009FC5AB /* Debug */ = {
			isa = XCBuildConfiguration;
			buildSettings = {
				CODE_SIGN_STYLE = Automatic;
				DEAD_CODE_STRIPPING = YES;
				DEVELOPMENT_TEAM = JN9J64AVMZ;
				EXECUTABLE_PREFIX = lib;
				MACOSX_DEPLOYMENT_TARGET = 11.0;
				PRODUCT_NAME = "$(TARGET_NAME)";
			};
			name = Debug;
		};
		651F07EA2039C98C009FC5AB /* Release */ = {
			isa = XCBuildConfiguration;
			buildSettings = {
				CODE_SIGN_STYLE = Automatic;
				DEAD_CODE_STRIPPING = YES;
				DEVELOPMENT_TEAM = JN9J64AVMZ;
				EXECUTABLE_PREFIX = lib;
				MACOSX_DEPLOYMENT_TARGET = 11.0;
				PRODUCT_NAME = "$(TARGET_NAME)";
			};
			name = Release;
		};
/* End XCBuildConfiguration section */

/* Begin XCConfigurationList section */
		651F07DA2039C98C009FC5AB /* Build configuration list for PBXProject "BDAlias" */ = {
			isa = XCConfigurationList;
			buildConfigurations = (
				651F07E62039C98C009FC5AB /* Debug */,
				651F07E72039C98C009FC5AB /* Release */,
			);
			defaultConfigurationIsVisible = 0;
			defaultConfigurationName = Release;
		};
		651F07E82039C98C009FC5AB /* Build configuration list for PBXNativeTarget "BDAlias" */ = {
			isa = XCConfigurationList;
			buildConfigurations = (
				651F07E92039C98C009FC5AB /* Debug */,
				651F07EA2039C98C009FC5AB /* Release */,
			);
			defaultConfigurationIsVisible = 0;
			defaultConfigurationName = Release;
		};
/* End XCConfigurationList section */
	};
	rootObject = 651F07D72039C98C009FC5AB /* Project object */;
}
