// !$*UTF8*$!
{
	archiveVersion = 1;
	classes = {
	};
	objectVersion = 54;
	objects = {

/* Begin PBXBuildFile section */
		651F0804203A00B2009FC5AB /* libBDAlias.a in Frameworks */ = {isa = PBXBuildFile; fileRef = 651F0805203A00B2009FC5AB /* libBDAlias.a */; };
		651F0807203A00BD009FC5AB /* BDAlias.h in Headers */ = {isa = PBXBuildFile; fileRef = 651F0806203A00BD009FC5AB /* BDAlias.h */; };
		653FEB0520393925004A9ACC /* GetRecentOfficeDocumentsLib.h in Headers */ = {isa = PBXBuildFile; fileRef = 653FEB0420393925004A9ACC /* GetRecentOfficeDocumentsLib.h */; };
		65B7B75D203CFF2F00EB43B0 /* GetRecentOfficeDocumentsLib.m in Sources */ = {isa = PBXBuildFile; fileRef = 653FEB0620393926004A9ACC /* GetRecentOfficeDocumentsLib.m */; };
/* End PBXBuildFile section */

/* Begin PBXFileReference section */
		651F07FF2039FF03009FC5AB /* GetRecentOfficeDocumentsLib_old.m */ = {isa = PBXFileReference; lastKnownFileType = sourcecode.c.objc; path = GetRecentOfficeDocumentsLib_old.m; sourceTree = "<group>"; };
		651F0805203A00B2009FC5AB /* libBDAlias.a */ = {isa = PBXFileReference; explicitFileType = archive.ar; path = libBDAlias.a; sourceTree = BUILT_PRODUCTS_DIR; };
		651F0806203A00BD009FC5AB /* BDAlias.h */ = {isa = PBXFileReference; fileEncoding = 4; lastKnownFileType = sourcecode.c.h; name = BDAlias.h; path = ../../BDAlias/BDAlias/BDAlias.h; sourceTree = "<group>"; };
		653FEB0120393925004A9ACC /* libGetRecentOfficeDocumentsLib.a */ = {isa = PBXFileReference; explicitFileType = archive.ar; includeInIndex = 0; path = libGetRecentOfficeDocumentsLib.a; sourceTree = BUILT_PRODUCTS_DIR; };
		653FEB0420393925004A9ACC /* GetRecentOfficeDocumentsLib.h */ = {isa = PBXFileReference; lastKnownFileType = sourcecode.c.h; path = GetRecentOfficeDocumentsLib.h; sourceTree = "<group>"; };
		653FEB0620393926004A9ACC /* GetRecentOfficeDocumentsLib.m */ = {isa = PBXFileReference; lastKnownFileType = sourcecode.c.objc; path = GetRecentOfficeDocumentsLib.m; sourceTree = "<group>"; };
		65A0C1402CE0E83D005482AE /* GetRecentOfficeDocumentsLib.xcodeproj */ = {isa = PBXFileReference; lastKnownFileType = "wrapper.pb-project"; path = GetRecentOfficeDocumentsLib.xcodeproj; sourceTree = "<group>"; };
/* End PBXFileReference section */

/* Begin PBXFrameworksBuildPhase section */
		653FEAFE20393925004A9ACC /* Frameworks */ = {
			isa = PBXFrameworksBuildPhase;
			buildActionMask = 2147483647;
			files = (
				651F0804203A00B2009FC5AB /* libBDAlias.a in Frameworks */,
			);
			runOnlyForDeploymentPostprocessing = 0;
		};
/* End PBXFrameworksBuildPhase section */

/* Begin PBXGroup section */
		651F0803203A00B2009FC5AB /* Frameworks */ = {
			isa = PBXGroup;
			children = (
				651F0805203A00B2009FC5AB /* libBDAlias.a */,
			);
			name = Frameworks;
			sourceTree = "<group>";
		};
		653FEAF820393925004A9ACC = {
			isa = PBXGroup;
			children = (
				65A0C1402CE0E83D005482AE /* GetRecentOfficeDocumentsLib.xcodeproj */,
				653FEB0320393925004A9ACC /* GetRecentOfficeDocumentsLib */,
				653FEB0220393925004A9ACC /* Products */,
				651F0803203A00B2009FC5AB /* Frameworks */,
			);
			sourceTree = "<group>";
		};
		653FEB0220393925004A9ACC /* Products */ = {
			isa = PBXGroup;
			children = (
				653FEB0120393925004A9ACC /* libGetRecentOfficeDocumentsLib.a */,
			);
			name = Products;
			sourceTree = "<group>";
		};
		653FEB0320393925004A9ACC /* GetRecentOfficeDocumentsLib */ = {
			isa = PBXGroup;
			children = (
				651F0806203A00BD009FC5AB /* BDAlias.h */,
				651F07FF2039FF03009FC5AB /* GetRecentOfficeDocumentsLib_old.m */,
				653FEB0420393925004A9ACC /* GetRecentOfficeDocumentsLib.h */,
				653FEB0620393926004A9ACC /* GetRecentOfficeDocumentsLib.m */,
			);
			path = GetRecentOfficeDocumentsLib;
			sourceTree = "<group>";
		};
/* End PBXGroup section */

/* Begin PBXHeadersBuildPhase section */
		653FEAFF20393925004A9ACC /* Headers */ = {
			isa = PBXHeadersBuildPhase;
			buildActionMask = 2147483647;
			files = (
				653FEB0520393925004A9ACC /* GetRecentOfficeDocumentsLib.h in Headers */,
				651F0807203A00BD009FC5AB /* BDAlias.h in Headers */,
			);
			runOnlyForDeploymentPostprocessing = 0;
		};
/* End PBXHeadersBuildPhase section */

/* Begin PBXNativeTarget section */
		653FEB0020393925004A9ACC /* GetRecentOfficeDocumentsLib */ = {
			isa = PBXNativeTarget;
			buildConfigurationList = 653FEB0A20393926004A9ACC /* Build configuration list for PBXNativeTarget "GetRecentOfficeDocumentsLib" */;
			buildPhases = (
				653FEAFD20393925004A9ACC /* Sources */,
				653FEAFE20393925004A9ACC /* Frameworks */,
				653FEAFF20393925004A9ACC /* Headers */,
			);
			buildRules = (
			);
			dependencies = (
			);
			name = GetRecentOfficeDocumentsLib;
			productName = GetRecentOfficeDocumentsLib;
			productReference = 653FEB0120393925004A9ACC /* libGetRecentOfficeDocumentsLib.a */;
			productType = "com.apple.product-type.library.static";
		};
/* End PBXNativeTarget section */

/* Begin PBXProject section */
		653FEAF920393925004A9ACC /* Project object */ = {
			isa = PBXProject;
			attributes = {
				BuildIndependentTargetsInParallel = YES;
				LastUpgradeCheck = 1610;
				ORGANIZATIONNAME = "Andrea Alberti";
				TargetAttributes = {
					653FEB0020393925004A9ACC = {
						CreatedOnToolsVersion = 9.2;
						ProvisioningStyle = Automatic;
					};
				};
			};
			buildConfigurationList = 653FEAFC20393925004A9ACC /* Build configuration list for PBXProject "GetRecentOfficeDocumentsLib" */;
			compatibilityVersion = "Xcode 8.0";
			developmentRegion = en;
			hasScannedForEncodings = 0;
			knownRegions = (
				en,
				Base,
			);
			mainGroup = 653FEAF820393925004A9ACC;
			productRefGroup = 653FEB0220393925004A9ACC /* Products */;
			projectDirPath = "";
			projectRoot = "";
			targets = (
				653FEB0020393925004A9ACC /* GetRecentOfficeDocumentsLib */,
			);
		};
/* End PBXProject section */

/* Begin PBXSourcesBuildPhase section */
		653FEAFD20393925004A9ACC /* Sources */ = {
			isa = PBXSourcesBuildPhase;
			buildActionMask = 2147483647;
			files = (
				65B7B75D203CFF2F00EB43B0 /* GetRecentOfficeDocumentsLib.m in Sources */,
			);
			runOnlyForDeploymentPostprocessing = 0;
		};
/* End PBXSourcesBuildPhase section */

/* Begin XCBuildConfiguration section */
		653FEB0820393926004A9ACC /* Debug */ = {
			isa = XCBuildConfiguration;
			buildSettings = {
				ALWAYS_SEARCH_USER_PATHS = NO;
				CLANG_ANALYZER_NONNULL = YES;
				CLANG_ANALYZER_NUMBER_OBJECT_CONVERSION = YES_AGGRESSIVE;
				CLANG_CXX_LANGUAGE_STANDARD = "gnu++14";
				CLANG_CXX_LIBRARY = "libc++";
				CLANG_ENABLE_MODULES = YES;
				CLANG_ENABLE_OBJC_ARC = YES;
				CLANG_WARN_BLOCK_CAPTURE_AUTORELEASING = YES;
				CLANG_WARN_BOOL_CONVERSION = YES;
				CLANG_WARN_COMMA = YES;
				CLANG_WARN_CONSTANT_CONVERSION = YES;
				CLANG_WARN_DEPRECATED_OBJC_IMPLEMENTATIONS = YES;
				CLANG_WARN_DIRECT_OBJC_ISA_USAGE = YES_ERROR;
				CLANG_WARN_DOCUMENTATION_COMMENTS = YES;
				CLANG_WARN_EMPTY_BODY = YES;
				CLANG_WARN_ENUM_CONVERSION = YES;
				CLANG_WARN_INFINITE_RECURSION = YES;
				CLANG_WARN_INT_CONVERSION = YES;
				CLANG_WARN_NON_LITERAL_NULL_CONVERSION = YES;
				CLANG_WARN_OBJC_IMPLICIT_RETAIN_SELF = YES;
				CLANG_WARN_OBJC_LITERAL_CONVERSION = YES;
				CLANG_WARN_OBJC_ROOT_CLASS = YES_ERROR;
				CLANG_WARN_QUOTED_INCLUDE_IN_FRAMEWORK_HEADER = YES;
				CLANG_WARN_RANGE_LOOP_ANALYSIS = YES;
				CLANG_WARN_STRICT_PROTOTYPES = YES;
				CLANG_WARN_SUSPICIOUS_MOVE = YES;
				CLANG_WARN_UNGUARDED_AVAILABILITY = YES_AGGRESSIVE;
				CLANG_WARN_UNREACHABLE_CODE = YES;
				CLANG_WARN__DUPLICATE_METHOD_MATCH = YES;
				CODE_SIGN_IDENTITY = "-";
				COPY_PHASE_STRIP = NO;
				DEAD_CODE_STRIPPING = YES;
				DEBUG_INFORMATION_FORMAT = dwarf;
				ENABLE_STRICT_OBJC_MSGSEND = YES;
				ENABLE_TESTABILITY = YES;
				ENABLE_USER_SCRIPT_SANDBOXING = YES;
				GCC_C_LANGUAGE_STANDARD = gnu11;
				GCC_DYNAMIC_NO_PIC = NO;
				GCC_NO_COMMON_BLOCKS = YES;
				GCC_OPTIMIZATION_LEVEL = 0;
				GCC_PREPROCESSOR_DEFINITIONS = (
					"DEBUG=1",
					"$(inherited)",
				);
				GCC_WARN_64_TO_32_BIT_CONVERSION = YES;
				GCC_WARN_ABOUT_RETURN_TYPE = YES_ERROR;
				GCC_WARN_UNDECLARED_SELECTOR = YES;
				GCC_WARN_UNINITIALIZED_AUTOS = YES_AGGRESSIVE;
				GCC_WARN_UNUSED_FUNCTION = YES;
				GCC_WARN_UNUSED_VARIABLE = YES;
				MACOSX_DEPLOYMENT_TARGET = 10.13;
				MTL_ENABLE_DEBUG_INFO = YES;
				ONLY_ACTIVE_ARCH = YES;
				SDKROOT = macosx;
			};
			name = Debug;
		};
		653FEB0920393926004A9ACC /* Release */ = {
			isa = XCBuildConfiguration;
			buildSettings = {
				ALWAYS_SEARCH_USER_PATHS = NO;
				CLANG_ANALYZER_NONNULL = YES;
				CLANG_ANALYZER_NUMBER_OBJECT_CONVERSION = YES_AGGRESSIVE;
				CLANG_CXX_LANGUAGE_STANDARD = "gnu++14";
				CLANG_CXX_LIBRARY = "libc++";
				CLANG_ENABLE_MODULES = YES;
				CLANG_ENABLE_OBJC_ARC = YES;
				CLANG_WARN_BLOCK_CAPTURE_AUTORELEASING = YES;
				CLANG_WARN_BOOL_CONVERSION = YES;
				CLANG_WARN_COMMA = YES;
				CLANG_WARN_CONSTANT_CONVERSION = YES;
				CLANG_WARN_DEPRECATED_OBJC_IMPLEMENTATIONS = YES;
				CLANG_WARN_DIRECT_OBJC_ISA_USAGE = YES_ERROR;
				CLANG_WARN_DOCUMENTATION_COMMENTS = YES;
				CLANG_WARN_EMPTY_BODY = YES;
				CLANG_WARN_ENUM_CONVERSION = YES;
				CLANG_WARN_INFINITE_RECURSION = YES;
				CLANG_WARN_INT_CONVERSION = YES;
				CLANG_WARN_NON_LITERAL_NULL_CONVERSION = YES;
				CLANG_WARN_OBJC_IMPLICIT_RETAIN_SELF = YES;
				CLANG_WARN_OBJC_LITERAL_CONVERSION = YES;
				CLANG_WARN_OBJC_ROOT_CLASS = YES_ERROR;
				CLANG_WARN_QUOTED_INCLUDE_IN_FRAMEWORK_HEADER = YES;
				CLANG_WARN_RANGE_LOOP_ANALYSIS = YES;
				CLANG_WARN_STRICT_PROTOTYPES = YES;
				CLANG_WARN_SUSPICIOUS_MOVE = YES;
				CLANG_WARN_UNGUARDED_AVAILABILITY = YES_AGGRESSIVE;
				CLANG_WARN_UNREACHABLE_CODE = YES;
				CLANG_WARN__DUPLICATE_METHOD_MATCH = YES;
				CODE_SIGN_IDENTITY = "-";
				COPY_PHASE_STRIP = NO;
				DEAD_CODE_STRIPPING = YES;
				DEBUG_INFORMATION_FORMAT = "dwarf-with-dsym";
				ENABLE_NS_ASSERTIONS = NO;
				ENABLE_STRICT_OBJC_MSGSEND = YES;
				ENABLE_USER_SCRIPT_SANDBOXING = YES;
				GCC_C_LANGUAGE_STANDARD = gnu11;
				GCC_NO_COMMON_BLOCKS = YES;
				GCC_WARN_64_TO_32_BIT_CONVERSION = YES;
				GCC_WARN_ABOUT_RETURN_TYPE = YES_ERROR;
				GCC_WARN_UNDECLARED_SELECTOR = YES;
				GCC_WARN_UNINITIALIZED_AUTOS = YES_AGGRESSIVE;
				GCC_WARN_UNUSED_FUNCTION = YES;
				GCC_WARN_UNUSED_VARIABLE = YES;
				MACOSX_DEPLOYMENT_TARGET = 10.13;
				MTL_ENABLE_DEBUG_INFO = NO;
				SDKROOT = macosx;
			};
			name = Release;
		};
		653FEB0B20393926004A9ACC /* Debug */ = {
			isa = XCBuildConfiguration;
			buildSettings = {
				CODE_SIGN_STYLE = Automatic;
				DEAD_CODE_STRIPPING = YES;
				EXECUTABLE_PREFIX = lib;
				MACOSX_DEPLOYMENT_TARGET = 11.0;
				PRODUCT_NAME = "$(TARGET_NAME)";
			};
			name = Debug;
		};
		653FEB0C20393926004A9ACC /* Release */ = {
			isa = XCBuildConfiguration;
			buildSettings = {
				CODE_SIGN_STYLE = Automatic;
				DEAD_CODE_STRIPPING = YES;
				EXECUTABLE_PREFIX = lib;
				MACOSX_DEPLOYMENT_TARGET = 11.0;
				PRODUCT_NAME = "$(TARGET_NAME)";
			};
			name = Release;
		};
/* End XCBuildConfiguration section */

/* Begin XCConfigurationList section */
		653FEAFC20393925004A9ACC /* Build configuration list for PBXProject "GetRecentOfficeDocumentsLib" */ = {
			isa = XCConfigurationList;
			buildConfigurations = (
				653FEB0820393926004A9ACC /* Debug */,
				653FEB0920393926004A9ACC /* Release */,
			);
			defaultConfigurationIsVisible = 0;
			defaultConfigurationName = Release;
		};
		653FEB0A20393926004A9ACC /* Build configuration list for PBXNativeTarget "GetRecentOfficeDocumentsLib" */ = {
			isa = XCConfigurationList;
			buildConfigurations = (
				653FEB0B20393926004A9ACC /* Debug */,
				653FEB0C20393926004A9ACC /* Release */,
			);
			defaultConfigurationIsVisible = 0;
			defaultConfigurationName = Release;
		};
/* End XCConfigurationList section */
	};
	rootObject = 653FEAF920393925004A9ACC /* Project object */;
}
